// !$*UTF8*$!
{
	archiveVersion = 1;
	classes = {
	};
	objectVersion = 46;
	objects = {

/* Begin PBXBuildFile section */
		1F07DD1818D79B1300CE50B9 /* Foundation.framework in Frameworks */ = {isa = PBXBuildFile; fileRef = 1F07DD1718D79B1300CE50B9 /* Foundation.framework */; };
		1F07DD1A18D79B1300CE50B9 /* CoreGraphics.framework in Frameworks */ = {isa = PBXBuildFile; fileRef = 1F07DD1918D79B1300CE50B9 /* CoreGraphics.framework */; };
		1F07DD1C18D79B1300CE50B9 /* UIKit.framework in Frameworks */ = {isa = PBXBuildFile; fileRef = 1F07DD1B18D79B1300CE50B9 /* UIKit.framework */; };
		1F07DD2218D79B1400CE50B9 /* InfoPlist.strings in Resources */ = {isa = PBXBuildFile; fileRef = 1F07DD2018D79B1400CE50B9 /* InfoPlist.strings */; };
		1F07DD2418D79B1400CE50B9 /* main.m in Sources */ = {isa = PBXBuildFile; fileRef = 1F07DD2318D79B1400CE50B9 /* main.m */; };
		1F07DD2818D79B1400CE50B9 /* SBAppDelegate.m in Sources */ = {isa = PBXBuildFile; fileRef = 1F07DD2718D79B1400CE50B9 /* SBAppDelegate.m */; };
		1F07DD2B18D79B1400CE50B9 /* Main.storyboard in Resources */ = {isa = PBXBuildFile; fileRef = 1F07DD2918D79B1400CE50B9 /* Main.storyboard */; };
		1F07DD3018D79B1400CE50B9 /* Images.xcassets in Resources */ = {isa = PBXBuildFile; fileRef = 1F07DD2F18D79B1400CE50B9 /* Images.xcassets */; };
		1F07DD3718D79B1400CE50B9 /* XCTest.framework in Frameworks */ = {isa = PBXBuildFile; fileRef = 1F07DD3618D79B1400CE50B9 /* XCTest.framework */; };
		1F07DD3818D79B1400CE50B9 /* Foundation.framework in Frameworks */ = {isa = PBXBuildFile; fileRef = 1F07DD1718D79B1300CE50B9 /* Foundation.framework */; };
		1F07DD3918D79B1400CE50B9 /* UIKit.framework in Frameworks */ = {isa = PBXBuildFile; fileRef = 1F07DD1B18D79B1300CE50B9 /* UIKit.framework */; };
		1F07DD4118D79B1400CE50B9 /* InfoPlist.strings in Resources */ = {isa = PBXBuildFile; fileRef = 1F07DD3F18D79B1400CE50B9 /* InfoPlist.strings */; };
		1F07DD4318D79B1400CE50B9 /* UITableViewController_Challenge_SolutionTests.m in Sources */ = {isa = PBXBuildFile; fileRef = 1F07DD4218D79B1400CE50B9 /* UITableViewController_Challenge_SolutionTests.m */; };
		1F07DD5318D79DD800CE50B9 /* SBTableViewController.m in Sources */ = {isa = PBXBuildFile; fileRef = 1F07DD5218D79DD800CE50B9 /* SBTableViewController.m */; };
/* End PBXBuildFile section */

/* Begin PBXContainerItemProxy section */
		1F07DD3A18D79B1400CE50B9 /* PBXContainerItemProxy */ = {
			isa = PBXContainerItemProxy;
			containerPortal = 1F07DD0C18D79B1300CE50B9 /* Project object */;
			proxyType = 1;
			remoteGlobalIDString = 1F07DD1318D79B1300CE50B9;
			remoteInfo = "UITableViewController Challenge Solution";
		};
/* End PBXContainerItemProxy section */

/* Begin PBXFileReference section */
		1F07DD1418D79B1300CE50B9 /* UITableViewController Challenge Solution.app */ = {isa = PBXFileReference; explicitFileType = wrapper.application; includeInIndex = 0; path = "UITableViewController Challenge Solution.app"; sourceTree = BUILT_PRODUCTS_DIR; };
		1F07DD1718D79B1300CE50B9 /* Foundation.framework */ = {isa = PBXFileReference; lastKnownFileType = wrapper.framework; name = Foundation.framework; path = System/Library/Frameworks/Foundation.framework; sourceTree = SDKROOT; };
		1F07DD1918D79B1300CE50B9 /* CoreGraphics.framework */ = {isa = PBXFileReference; lastKnownFileType = wrapper.framework; name = CoreGraphics.framework; path = System/Library/Frameworks/CoreGraphics.framework; sourceTree = SDKROOT; };
		1F07DD1B18D79B1300CE50B9 /* UIKit.framework */ = {isa = PBXFileReference; lastKnownFileType = wrapper.framework; name = UIKit.framework; path = System/Library/Frameworks/UIKit.framework; sourceTree = SDKROOT; };
		1F07DD1F18D79B1400CE50B9 /* UITableViewController Challenge Solution-Info.plist */ = {isa = PBXFileReference; lastKnownFileType = text.plist.xml; path = "UITableViewController Challenge Solution-Info.plist"; sourceTree = "<group>"; };
		1F07DD2118D79B1400CE50B9 /* en */ = {isa = PBXFileReference; lastKnownFileType = text.plist.strings; name = en; path = en.lproj/InfoPlist.strings; sourceTree = "<group>"; };
		1F07DD2318D79B1400CE50B9 /* main.m */ = {isa = PBXFileReference; lastKnownFileType = sourcecode.c.objc; path = main.m; sourceTree = "<group>"; };
		1F07DD2518D79B1400CE50B9 /* UITableViewController Challenge Solution-Prefix.pch */ = {isa = PBXFileReference; lastKnownFileType = sourcecode.c.h; path = "UITableViewController Challenge Solution-Prefix.pch"; sourceTree = "<group>"; };
		1F07DD2618D79B1400CE50B9 /* SBAppDelegate.h */ = {isa = PBXFileReference; lastKnownFileType = sourcecode.c.h; path = SBAppDelegate.h; sourceTree = "<group>"; };
		1F07DD2718D79B1400CE50B9 /* SBAppDelegate.m */ = {isa = PBXFileReference; lastKnownFileType = sourcecode.c.objc; path = SBAppDelegate.m; sourceTree = "<group>"; };
		1F07DD2A18D79B1400CE50B9 /* Base */ = {isa = PBXFileReference; lastKnownFileType = file.storyboard; name = Base; path = Base.lproj/Main.storyboard; sourceTree = "<group>"; };
		1F07DD2F18D79B1400CE50B9 /* Images.xcassets */ = {isa = PBXFileReference; lastKnownFileType = folder.assetcatalog; path = Images.xcassets; sourceTree = "<group>"; };
		1F07DD3518D79B1400CE50B9 /* UITableViewController Challenge SolutionTests.xctest */ = {isa = PBXFileReference; explicitFileType = wrapper.cfbundle; includeInIndex = 0; path = "UITableViewController Challenge SolutionTests.xctest"; sourceTree = BUILT_PRODUCTS_DIR; };
		1F07DD3618D79B1400CE50B9 /* XCTest.framework */ = {isa = PBXFileReference; lastKnownFileType = wrapper.framework; name = XCTest.framework; path = Library/Frameworks/XCTest.framework; sourceTree = DEVELOPER_DIR; };
		1F07DD3E18D79B1400CE50B9 /* UITableViewController Challenge SolutionTests-Info.plist */ = {isa = PBXFileReference; lastKnownFileType = text.plist.xml; path = "UITableViewController Challenge SolutionTests-Info.plist"; sourceTree = "<group>"; };
		1F07DD4018D79B1400CE50B9 /* en */ = {isa = PBXFileReference; lastKnownFileType = text.plist.strings; name = en; path = en.lproj/InfoPlist.strings; sourceTree = "<group>"; };
		1F07DD4218D79B1400CE50B9 /* UITableViewController_Challenge_SolutionTests.m */ = {isa = PBXFileReference; lastKnownFileType = sourcecode.c.objc; path = UITableViewController_Challenge_SolutionTests.m; sourceTree = "<group>"; };
		1F07DD5118D79DD800CE50B9 /* SBTableViewController.h */ = {isa = PBXFileReference; fileEncoding = 4; lastKnownFileType = sourcecode.c.h; path = SBTableViewController.h; sourceTree = "<group>"; };
		1F07DD5218D79DD800CE50B9 /* SBTableViewController.m */ = {isa = PBXFileReference; fileEncoding = 4; lastKnownFileType = sourcecode.c.objc; path = SBTableViewController.m; sourceTree = "<group>"; };
/* End PBXFileReference section */

/* Begin PBXFrameworksBuildPhase section */
		1F07DD1118D79B1300CE50B9 /* Frameworks */ = {
			isa = PBXFrameworksBuildPhase;
			buildActionMask = 2147483647;
			files = (
				1F07DD1A18D79B1300CE50B9 /* CoreGraphics.framework in Frameworks */,
				1F07DD1C18D79B1300CE50B9 /* UIKit.framework in Frameworks */,
				1F07DD1818D79B1300CE50B9 /* Foundation.framework in Frameworks */,
			);
			runOnlyForDeploymentPostprocessing = 0;
		};
		1F07DD3218D79B1400CE50B9 /* Frameworks */ = {
			isa = PBXFrameworksBuildPhase;
			buildActionMask = 2147483647;
			files = (
				1F07DD3718D79B1400CE50B9 /* XCTest.framework in Frameworks */,
				1F07DD3918D79B1400CE50B9 /* UIKit.framework in Frameworks */,
				1F07DD3818D79B1400CE50B9 /* Foundation.framework in Frameworks */,
			);
			runOnlyForDeploymentPostprocessing = 0;
		};
/* End PBXFrameworksBuildPhase section */

/* Begin PBXGroup section */
		1F07DD0B18D79B1300CE50B9 = {
			isa = PBXGroup;
			children = (
				1F07DD1D18D79B1300CE50B9 /* UITableViewController Challenge Solution */,
				1F07DD3C18D79B1400CE50B9 /* UITableViewController Challenge SolutionTests */,
				1F07DD1618D79B1300CE50B9 /* Frameworks */,
				1F07DD1518D79B1300CE50B9 /* Products */,
			);
			sourceTree = "<group>";
		};
		1F07DD1518D79B1300CE50B9 /* Products */ = {
			isa = PBXGroup;
			children = (
				1F07DD1418D79B1300CE50B9 /* UITableViewController Challenge Solution.app */,
				1F07DD3518D79B1400CE50B9 /* UITableViewController Challenge SolutionTests.xctest */,
			);
			name = Products;
			sourceTree = "<group>";
		};
		1F07DD1618D79B1300CE50B9 /* Frameworks */ = {
			isa = PBXGroup;
			children = (
				1F07DD1718D79B1300CE50B9 /* Foundation.framework */,
				1F07DD1918D79B1300CE50B9 /* CoreGraphics.framework */,
				1F07DD1B18D79B1300CE50B9 /* UIKit.framework */,
				1F07DD3618D79B1400CE50B9 /* XCTest.framework */,
			);
			name = Frameworks;
			sourceTree = "<group>";
		};
		1F07DD1D18D79B1300CE50B9 /* UITableViewController Challenge Solution */ = {
			isa = PBXGroup;
			children = (
				1F07DD2618D79B1400CE50B9 /* SBAppDelegate.h */,
				1F07DD2718D79B1400CE50B9 /* SBAppDelegate.m */,
				1F07DD2918D79B1400CE50B9 /* Main.storyboard */,
				1F07DD5118D79DD800CE50B9 /* SBTableViewController.h */,
				1F07DD5218D79DD800CE50B9 /* SBTableViewController.m */,
				1F07DD2F18D79B1400CE50B9 /* Images.xcassets */,
				1F07DD1E18D79B1400CE50B9 /* Supporting Files */,
			);
			path = "UITableViewController Challenge Solution";
			sourceTree = "<group>";
		};
		1F07DD1E18D79B1400CE50B9 /* Supporting Files */ = {
			isa = PBXGroup;
			children = (
				1F07DD1F18D79B1400CE50B9 /* UITableViewController Challenge Solution-Info.plist */,
				1F07DD2018D79B1400CE50B9 /* InfoPlist.strings */,
				1F07DD2318D79B1400CE50B9 /* main.m */,
				1F07DD2518D79B1400CE50B9 /* UITableViewController Challenge Solution-Prefix.pch */,
			);
			name = "Supporting Files";
			sourceTree = "<group>";
		};
		1F07DD3C18D79B1400CE50B9 /* UITableViewController Challenge SolutionTests */ = {
			isa = PBXGroup;
			children = (
				1F07DD4218D79B1400CE50B9 /* UITableViewController_Challenge_SolutionTests.m */,
				1F07DD3D18D79B1400CE50B9 /* Supporting Files */,
			);
			path = "UITableViewController Challenge SolutionTests";
			sourceTree = "<group>";
		};
		1F07DD3D18D79B1400CE50B9 /* Supporting Files */ = {
			isa = PBXGroup;
			children = (
				1F07DD3E18D79B1400CE50B9 /* UITableViewController Challenge SolutionTests-Info.plist */,
				1F07DD3F18D79B1400CE50B9 /* InfoPlist.strings */,
			);
			name = "Supporting Files";
			sourceTree = "<group>";
		};
/* End PBXGroup section */

/* Begin PBXNativeTarget section */
		1F07DD1318D79B1300CE50B9 /* UITableViewController Challenge Solution */ = {
			isa = PBXNativeTarget;
			buildConfigurationList = 1F07DD4618D79B1400CE50B9 /* Build configuration list for PBXNativeTarget "UITableViewController Challenge Solution" */;
			buildPhases = (
				1F07DD1018D79B1300CE50B9 /* Sources */,
				1F07DD1118D79B1300CE50B9 /* Frameworks */,
				1F07DD1218D79B1300CE50B9 /* Resources */,
			);
			buildRules = (
			);
			dependencies = (
			);
			name = "UITableViewController Challenge Solution";
			productName = "UITableViewController Challenge Solution";
			productReference = 1F07DD1418D79B1300CE50B9 /* UITableViewController Challenge Solution.app */;
			productType = "com.apple.product-type.application";
		};
		1F07DD3418D79B1400CE50B9 /* UITableViewController Challenge SolutionTests */ = {
			isa = PBXNativeTarget;
			buildConfigurationList = 1F07DD4918D79B1400CE50B9 /* Build configuration list for PBXNativeTarget "UITableViewController Challenge SolutionTests" */;
			buildPhases = (
				1F07DD3118D79B1400CE50B9 /* Sources */,
				1F07DD3218D79B1400CE50B9 /* Frameworks */,
				1F07DD3318D79B1400CE50B9 /* Resources */,
			);
			buildRules = (
			);
			dependencies = (
				1F07DD3B18D79B1400CE50B9 /* PBXTargetDependency */,
			);
			name = "UITableViewController Challenge SolutionTests";
			productName = "UITableViewController Challenge SolutionTests";
			productReference = 1F07DD3518D79B1400CE50B9 /* UITableViewController Challenge SolutionTests.xctest */;
			productType = "com.apple.product-type.bundle.unit-test";
		};
/* End PBXNativeTarget section */

/* Begin PBXProject section */
		1F07DD0C18D79B1300CE50B9 /* Project object */ = {
			isa = PBXProject;
			attributes = {
				CLASSPREFIX = SB;
				LastUpgradeCheck = 0510;
				ORGANIZATIONNAME = "Shane Butlion";
				TargetAttributes = {
					1F07DD3418D79B1400CE50B9 = {
						TestTargetID = 1F07DD1318D79B1300CE50B9;
					};
				};
			};
			buildConfigurationList = 1F07DD0F18D79B1300CE50B9 /* Build configuration list for PBXProject "UITableViewController Challenge Solution" */;
			compatibilityVersion = "Xcode 3.2";
			developmentRegion = English;
			hasScannedForEncodings = 0;
			knownRegions = (
				en,
				Base,
			);
			mainGroup = 1F07DD0B18D79B1300CE50B9;
			productRefGroup = 1F07DD1518D79B1300CE50B9 /* Products */;
			projectDirPath = "";
			projectRoot = "";
			targets = (
				1F07DD1318D79B1300CE50B9 /* UITableViewController Challenge Solution */,
				1F07DD3418D79B1400CE50B9 /* UITableViewController Challenge SolutionTests */,
			);
		};
/* End PBXProject section */

/* Begin PBXResourcesBuildPhase section */
		1F07DD1218D79B1300CE50B9 /* Resources */ = {
			isa = PBXResourcesBuildPhase;
			buildActionMask = 2147483647;
			files = (
				1F07DD3018D79B1400CE50B9 /* Images.xcassets in Resources */,
				1F07DD2218D79B1400CE50B9 /* InfoPlist.strings in Resources */,
				1F07DD2B18D79B1400CE50B9 /* Main.storyboard in Resources */,
			);
			runOnlyForDeploymentPostprocessing = 0;
		};
		1F07DD3318D79B1400CE50B9 /* Resources */ = {
			isa = PBXResourcesBuildPhase;
			buildActionMask = 2147483647;
			files = (
				1F07DD4118D79B1400CE50B9 /* InfoPlist.strings in Resources */,
			);
			runOnlyForDeploymentPostprocessing = 0;
		};
/* End PBXResourcesBuildPhase section */

/* Begin PBXSourcesBuildPhase section */
		1F07DD1018D79B1300CE50B9 /* Sources */ = {
			isa = PBXSourcesBuildPhase;
			buildActionMask = 2147483647;
			files = (
				1F07DD2418D79B1400CE50B9 /* main.m in Sources */,
				1F07DD2818D79B1400CE50B9 /* SBAppDelegate.m in Sources */,
				1F07DD5318D79DD800CE50B9 /* SBTableViewController.m in Sources */,
			);
			runOnlyForDeploymentPostprocessing = 0;
		};
		1F07DD3118D79B1400CE50B9 /* Sources */ = {
			isa = PBXSourcesBuildPhase;
			buildActionMask = 2147483647;
			files = (
				1F07DD4318D79B1400CE50B9 /* UITableViewController_Challenge_SolutionTests.m in Sources */,
			);
			runOnlyForDeploymentPostprocessing = 0;
		};
/* End PBXSourcesBuildPhase section */

/* Begin PBXTargetDependency section */
		1F07DD3B18D79B1400CE50B9 /* PBXTargetDependency */ = {
			isa = PBXTargetDependency;
			target = 1F07DD1318D79B1300CE50B9 /* UITableViewController Challenge Solution */;
			targetProxy = 1F07DD3A18D79B1400CE50B9 /* PBXContainerItemProxy */;
		};
/* End PBXTargetDependency section */

/* Begin PBXVariantGroup section */
		1F07DD2018D79B1400CE50B9 /* InfoPlist.strings */ = {
			isa = PBXVariantGroup;
			children = (
				1F07DD2118D79B1400CE50B9 /* en */,
			);
			name = InfoPlist.strings;
			sourceTree = "<group>";
		};
		1F07DD2918D79B1400CE50B9 /* Main.storyboard */ = {
			isa = PBXVariantGroup;
			children = (
				1F07DD2A18D79B1400CE50B9 /* Base */,
			);
			name = Main.storyboard;
			sourceTree = "<group>";
		};
		1F07DD3F18D79B1400CE50B9 /* InfoPlist.strings */ = {
			isa = PBXVariantGroup;
			children = (
				1F07DD4018D79B1400CE50B9 /* en */,
			);
			name = InfoPlist.strings;
			sourceTree = "<group>";
		};
/* End PBXVariantGroup section */

/* Begin XCBuildConfiguration section */
		1F07DD4418D79B1400CE50B9 /* Debug */ = {
			isa = XCBuildConfiguration;
			buildSettings = {
				ALWAYS_SEARCH_USER_PATHS = NO;
				CLANG_CXX_LANGUAGE_STANDARD = "gnu++0x";
				CLANG_CXX_LIBRARY = "libc++";
				CLANG_ENABLE_MODULES = YES;
				CLANG_ENABLE_OBJC_ARC = YES;
				CLANG_WARN_BOOL_CONVERSION = YES;
				CLANG_WARN_CONSTANT_CONVERSION = YES;
				CLANG_WARN_DIRECT_OBJC_ISA_USAGE = YES_ERROR;
				CLANG_WARN_EMPTY_BODY = YES;
				CLANG_WARN_ENUM_CONVERSION = YES;
				CLANG_WARN_INT_CONVERSION = YES;
				CLANG_WARN_OBJC_ROOT_CLASS = YES_ERROR;
				CLANG_WARN__DUPLICATE_METHOD_MATCH = YES;
				"CODE_SIGN_IDENTITY[sdk=iphoneos*]" = "iPhone Developer";
				COPY_PHASE_STRIP = NO;
				GCC_C_LANGUAGE_STANDARD = gnu99;
				GCC_DYNAMIC_NO_PIC = NO;
				GCC_OPTIMIZATION_LEVEL = 0;
				GCC_PREPROCESSOR_DEFINITIONS = (
					"DEBUG=1",
					"$(inherited)",
				);
				GCC_SYMBOLS_PRIVATE_EXTERN = NO;
				GCC_WARN_64_TO_32_BIT_CONVERSION = YES;
				GCC_WARN_ABOUT_RETURN_TYPE = YES_ERROR;
				GCC_WARN_UNDECLARED_SELECTOR = YES;
				GCC_WARN_UNINITIALIZED_AUTOS = YES_AGGRESSIVE;
				GCC_WARN_UNUSED_FUNCTION = YES;
				GCC_WARN_UNUSED_VARIABLE = YES;
				IPHONEOS_DEPLOYMENT_TARGET = 7.1;
				ONLY_ACTIVE_ARCH = YES;
				SDKROOT = iphoneos;
			};
			name = Debug;
		};
		1F07DD4518D79B1400CE50B9 /* Release */ = {
			isa = XCBuildConfiguration;
			buildSettings = {
				ALWAYS_SEARCH_USER_PATHS = NO;
				CLANG_CXX_LANGUAGE_STANDARD = "gnu++0x";
				CLANG_CXX_LIBRARY = "libc++";
				CLANG_ENABLE_MODULES = YES;
				CLANG_ENABLE_OBJC_ARC = YES;
				CLANG_WARN_BOOL_CONVERSION = YES;
				CLANG_WARN_CONSTANT_CONVERSION = YES;
				CLANG_WARN_DIRECT_OBJC_ISA_USAGE = YES_ERROR;
				CLANG_WARN_EMPTY_BODY = YES;
				CLANG_WARN_ENUM_CONVERSION = YES;
				CLANG_WARN_INT_CONVERSION = YES;
				CLANG_WARN_OBJC_ROOT_CLASS = YES_ERROR;
				CLANG_WARN__DUPLICATE_METHOD_MATCH = YES;
				"CODE_SIGN_IDENTITY[sdk=iphoneos*]" = "iPhone Developer";
				COPY_PHASE_STRIP = YES;
				ENABLE_NS_ASSERTIONS = NO;
				GCC_C_LANGUAGE_STANDARD = gnu99;
				GCC_WARN_64_TO_32_BIT_CONVERSION = YES;
				GCC_WARN_ABOUT_RETURN_TYPE = YES_ERROR;
				GCC_WARN_UNDECLARED_SELECTOR = YES;
				GCC_WARN_UNINITIALIZED_AUTOS = YES_AGGRESSIVE;
				GCC_WARN_UNUSED_FUNCTION = YES;
				GCC_WARN_UNUSED_VARIABLE = YES;
				IPHONEOS_DEPLOYMENT_TARGET = 7.1;
				SDKROOT = iphoneos;
				VALIDATE_PRODUCT = YES;
			};
			name = Release;
		};
		1F07DD4718D79B1400CE50B9 /* Debug */ = {
			isa = XCBuildConfiguration;
			buildSettings = {
				ASSETCATALOG_COMPILER_APPICON_NAME = AppIcon;
				ASSETCATALOG_COMPILER_LAUNCHIMAGE_NAME = LaunchImage;
				GCC_PRECOMPILE_PREFIX_HEADER = YES;
				GCC_PREFIX_HEADER = "UITableViewController Challenge Solution/UITableViewController Challenge Solution-Prefix.pch";
				INFOPLIST_FILE = "UITableViewController Challenge Solution/UITableViewController Challenge Solution-Info.plist";
				PRODUCT_NAME = "$(TARGET_NAME)";
				WRAPPER_EXTENSION = app;
			};
			name = Debug;
		};
		1F07DD4818D79B1400CE50B9 /* Release */ = {
			isa = XCBuildConfiguration;
			buildSettings = {
				ASSETCATALOG_COMPILER_APPICON_NAME = AppIcon;
				ASSETCATALOG_COMPILER_LAUNCHIMAGE_NAME = LaunchImage;
				GCC_PRECOMPILE_PREFIX_HEADER = YES;
				GCC_PREFIX_HEADER = "UITableViewController Challenge Solution/UITableViewController Challenge Solution-Prefix.pch";
				INFOPLIST_FILE = "UITableViewController Challenge Solution/UITableViewController Challenge Solution-Info.plist";
				PRODUCT_NAME = "$(TARGET_NAME)";
				WRAPPER_EXTENSION = app;
			};
			name = Release;
		};
		1F07DD4A18D79B1400CE50B9 /* Debug */ = {
			isa = XCBuildConfiguration;
			buildSettings = {
				BUNDLE_LOADER = "$(BUILT_PRODUCTS_DIR)/UITableViewController Challenge Solution.app/UITableViewController Challenge Solution";
				FRAMEWORK_SEARCH_PATHS = (
					"$(SDKROOT)/Developer/Library/Frameworks",
					"$(inherited)",
					"$(DEVELOPER_FRAMEWORKS_DIR)",
				);
				GCC_PRECOMPILE_PREFIX_HEADER = YES;
				GCC_PREFIX_HEADER = "UITableViewController Challenge Solution/UITableViewController Challenge Solution-Prefix.pch";
				GCC_PREPROCESSOR_DEFINITIONS = (
					"DEBUG=1",
					"$(inherited)",
				);
				INFOPLIST_FILE = "UITableViewController Challenge SolutionTests/UITableViewController Challenge SolutionTests-Info.plist";
				PRODUCT_NAME = "$(TARGET_NAME)";
				TEST_HOST = "$(BUNDLE_LOADER)";
				WRAPPER_EXTENSION = xctest;
			};
			name = Debug;
		};
		1F07DD4B18D79B1400CE50B9 /* Release */ = {
			isa = XCBuildConfiguration;
			buildSettings = {
				BUNDLE_LOADER = "$(BUILT_PRODUCTS_DIR)/UITableViewController Challenge Solution.app/UITableViewController Challenge Solution";
				FRAMEWORK_SEARCH_PATHS = (
					"$(SDKROOT)/Developer/Library/Frameworks",
					"$(inherited)",
					"$(DEVELOPER_FRAMEWORKS_DIR)",
				);
				GCC_PRECOMPILE_PREFIX_HEADER = YES;
				GCC_PREFIX_HEADER = "UITableViewController Challenge Solution/UITableViewController Challenge Solution-Prefix.pch";
				INFOPLIST_FILE = "UITableViewController Challenge SolutionTests/UITableViewController Challenge SolutionTests-Info.plist";
				PRODUCT_NAME = "$(TARGET_NAME)";
				TEST_HOST = "$(BUNDLE_LOADER)";
				WRAPPER_EXTENSION = xctest;
			};
			name = Release;
		};
/* End XCBuildConfiguration section */

/* Begin XCConfigurationList section */
		1F07DD0F18D79B1300CE50B9 /* Build configuration list for PBXProject "UITableViewController Challenge Solution" */ = {
			isa = XCConfigurationList;
			buildConfigurations = (
				1F07DD4418D79B1400CE50B9 /* Debug */,
				1F07DD4518D79B1400CE50B9 /* Release */,
			);
			defaultConfigurationIsVisible = 0;
			defaultConfigurationName = Release;
		};
		1F07DD4618D79B1400CE50B9 /* Build configuration list for PBXNativeTarget "UITableViewController Challenge Solution" */ = {
			isa = XCConfigurationList;
			buildConfigurations = (
				1F07DD4718D79B1400CE50B9 /* Debug */,
				1F07DD4818D79B1400CE50B9 /* Release */,
			);
			defaultConfigurationIsVisible = 0;
		};
		1F07DD4918D79B1400CE50B9 /* Build configuration list for PBXNativeTarget "UITableViewController Challenge SolutionTests" */ = {
			isa = XCConfigurationList;
			buildConfigurations = (
				1F07DD4A18D79B1400CE50B9 /* Debug */,
				1F07DD4B18D79B1400CE50B9 /* Release */,
			);
			defaultConfigurationIsVisible = 0;
		};
/* End XCConfigurationList section */
	};
	rootObject = 1F07DD0C18D79B1300CE50B9 /* Project object */;
}
